
Microsoft Visual Studio Solution File, Format Version 12.00
# Visual Studio Version 17
VisualStudioVersion = 17.0.31710.8
MinimumVisualStudioVersion = 10.0.40219.1
Project("{FAE04EC0-301F-11D3-BF4B-00C04F79EFBC}") = "InterviewAssignment", "InterviewAssignment\InterviewAssignment.csproj", "{D0817124-B139-4FBF-986F-32921396E7CF}"
EndProject
Global
	GlobalSection(SolutionConfigurationPlatforms) = preSolution
		Debug|Any CPU = Debug|Any CPU
		Release|Any CPU = Release|Any CPU
	EndGlobalSection
	GlobalSection(ProjectConfigurationPlatforms) = postSolution
		{D0817124-B139-4FBF-986F-32921396E7CF}.Debug|Any CPU.ActiveCfg = Debug|Any CPU
		{D0817124-B139-4FBF-986F-32921396E7CF}.Debug|Any CPU.Build.0 = Debug|Any CPU
		{D0817124-B139-4FBF-986F-32921396E7CF}.Release|Any CPU.ActiveCfg = Release|Any CPU
		{D0817124-B139-4FBF-986F-32921396E7CF}.Release|Any CPU.Build.0 = Release|Any CPU
	EndGlobalSection
	GlobalSection(SolutionProperties) = preSolution
		HideSolutionNode = FALSE
	EndGlobalSection
	GlobalSection(ExtensibilityGlobals) = postSolution
		SolutionGuid = {D82E2016-6C3C-4A60-9A6F-333BFDA88CAD}
	EndGlobalSection
EndGlobal
